uuid: f4018dff-9ae6-4b70-a6cb-1d58783b917b
langcode: en
status: false
dependencies:
  module:
    - upd_case_study
  theme:
    - upd
id: nextpreviousblock
theme: upd
region: header
weight: 0
provider: null
plugin: nextpreviousblock
settings:
  id: nextpreviousblock
  label: 'Next Previous Block'
  provider: upd_case_study
  label_display: '0'
visibility: {  }
